
Microsoft Visual Studio Solution File, Format Version 12.00
# Visual Studio Version 16
VisualStudioVersion = 16.0.31613.86
MinimumVisualStudioVersion = 10.0.40219.1
Project("{FAE04EC0-301F-11D3-BF4B-00C04F79EFBC}") = "LeapDay", "LeapDay\LeapDay.csproj", "{19A58253-0971-4C8E-8D04-499D0E30BA3D}"
EndProject
Global
	GlobalSection(SolutionConfigurationPlatforms) = preSolution
		Debug|Any CPU = Debug|Any CPU
		Release|Any CPU = Release|Any CPU
	EndGlobalSection
	GlobalSection(ProjectConfigurationPlatforms) = postSolution
		{19A58253-0971-4C8E-8D04-499D0E30BA3D}.Debug|Any CPU.ActiveCfg = Debug|Any CPU
		{19A58253-0971-4C8E-8D04-499D0E30BA3D}.Debug|Any CPU.Build.0 = Debug|Any CPU
		{19A58253-0971-4C8E-8D04-499D0E30BA3D}.Release|Any CPU.ActiveCfg = Release|Any CPU
		{19A58253-0971-4C8E-8D04-499D0E30BA3D}.Release|Any CPU.Build.0 = Release|Any CPU
	EndGlobalSection
	GlobalSection(SolutionProperties) = preSolution
		HideSolutionNode = FALSE
	EndGlobalSection
	GlobalSection(ExtensibilityGlobals) = postSolution
		SolutionGuid = {854C38AE-DD64-406B-BE34-158CD320E585}
	EndGlobalSection
EndGlobal
